# This file is automatically @generated by Cargo.
# It is not intended for manual editing.
version = 4

[[package]]
name = "ast"
version = "0.1.0"
dependencies = [
 "lex",
]

[[package]]
name = "lex"
version = "0.1.0"

[[package]]
name = "loxr"
version = "0.1.0"
dependencies = [
 "ast",
 "lex",
 "parse",
 "vm_ast",
]

[[package]]
name = "parse"
version = "0.1.0"
dependencies = [
 "ast",
 "lex",
]

[[package]]
name = "vm_ast"
version = "0.1.0"
dependencies = [
 "ast",
 "parse",
]
